
Microsoft Visual Studio Solution File, Format Version 12.00
# Visual Studio 15
VisualStudioVersion = 15.0.28307.572
MinimumVisualStudioVersion = 10.0.40219.1
Project("{FAE04EC0-301F-11D3-BF4B-00C04F79EFBC}") = "ConsoleClse2", "ConsoleClse2\ConsoleClse2.csproj", "{C60454B5-65E0-444C-9B00-97EA5F9CDAC9}"
EndProject
Global
	GlobalSection(SolutionConfigurationPlatforms) = preSolution
		Debug|Any CPU = Debug|Any CPU
		Release|Any CPU = Release|Any CPU
	EndGlobalSection
	GlobalSection(ProjectConfigurationPlatforms) = postSolution
		{C60454B5-65E0-444C-9B00-97EA5F9CDAC9}.Debug|Any CPU.ActiveCfg = Debug|Any CPU
		{C60454B5-65E0-444C-9B00-97EA5F9CDAC9}.Debug|Any CPU.Build.0 = Debug|Any CPU
		{C60454B5-65E0-444C-9B00-97EA5F9CDAC9}.Release|Any CPU.ActiveCfg = Release|Any CPU
		{C60454B5-65E0-444C-9B00-97EA5F9CDAC9}.Release|Any CPU.Build.0 = Release|Any CPU
	EndGlobalSection
	GlobalSection(SolutionProperties) = preSolution
		HideSolutionNode = FALSE
	EndGlobalSection
	GlobalSection(ExtensibilityGlobals) = postSolution
		SolutionGuid = {8CBD0E27-E36C-491D-9958-2F38CD3759E5}
	EndGlobalSection
EndGlobal
