
Microsoft Visual Studio Solution File, Format Version 12.00
# Visual Studio 15
VisualStudioVersion = 15.0.28307.572
MinimumVisualStudioVersion = 10.0.40219.1
Project("{FAE04EC0-301F-11D3-BF4B-00C04F79EFBC}") = "Clase4", "Clase4\Clase4.csproj", "{BD378E9D-8140-4907-BBCA-9E119C82F183}"
EndProject
Global
	GlobalSection(SolutionConfigurationPlatforms) = preSolution
		Debug|Any CPU = Debug|Any CPU
		Release|Any CPU = Release|Any CPU
	EndGlobalSection
	GlobalSection(ProjectConfigurationPlatforms) = postSolution
		{BD378E9D-8140-4907-BBCA-9E119C82F183}.Debug|Any CPU.ActiveCfg = Debug|Any CPU
		{BD378E9D-8140-4907-BBCA-9E119C82F183}.Debug|Any CPU.Build.0 = Debug|Any CPU
		{BD378E9D-8140-4907-BBCA-9E119C82F183}.Release|Any CPU.ActiveCfg = Release|Any CPU
		{BD378E9D-8140-4907-BBCA-9E119C82F183}.Release|Any CPU.Build.0 = Release|Any CPU
	EndGlobalSection
	GlobalSection(SolutionProperties) = preSolution
		HideSolutionNode = FALSE
	EndGlobalSection
	GlobalSection(ExtensibilityGlobals) = postSolution
		SolutionGuid = {FA6F5687-9DA7-4D23-8681-40CC955BAEB3}
	EndGlobalSection
EndGlobal
